
Microsoft Visual Studio Solution File, Format Version 12.00
Project("{FAE04EC0-301F-11D3-BF4B-00C04F79EFBC}") = "CodeWars_SCharp", "CodeWars_SCharp\CodeWars_SCharp.csproj", "{7E117509-A75B-40EB-8EC1-8E93758D9B19}"
EndProject
Project("{FAE04EC0-301F-11D3-BF4B-00C04F79EFBC}") = "CodeWars", "CodeWars\CodeWars.csproj", "{DE55AA6B-C1EF-4057-A722-9DB339D1CC7C}"
EndProject
Project("{FAE04EC0-301F-11D3-BF4B-00C04F79EFBC}") = "CodeWarsTests", "CodeWarsTests\CodeWarsTests.csproj", "{5A7F2CAB-6D80-4F3A-B834-9A8D665E65FF}"
EndProject
Global
	GlobalSection(SolutionConfigurationPlatforms) = preSolution
		Debug|Any CPU = Debug|Any CPU
		Release|Any CPU = Release|Any CPU
	EndGlobalSection
	GlobalSection(ProjectConfigurationPlatforms) = postSolution
		{7E117509-A75B-40EB-8EC1-8E93758D9B19}.Debug|Any CPU.ActiveCfg = Debug|Any CPU
		{7E117509-A75B-40EB-8EC1-8E93758D9B19}.Debug|Any CPU.Build.0 = Debug|Any CPU
		{7E117509-A75B-40EB-8EC1-8E93758D9B19}.Release|Any CPU.ActiveCfg = Release|Any CPU
		{7E117509-A75B-40EB-8EC1-8E93758D9B19}.Release|Any CPU.Build.0 = Release|Any CPU
		{DE55AA6B-C1EF-4057-A722-9DB339D1CC7C}.Debug|Any CPU.ActiveCfg = Debug|Any CPU
		{DE55AA6B-C1EF-4057-A722-9DB339D1CC7C}.Debug|Any CPU.Build.0 = Debug|Any CPU
		{DE55AA6B-C1EF-4057-A722-9DB339D1CC7C}.Release|Any CPU.ActiveCfg = Release|Any CPU
		{DE55AA6B-C1EF-4057-A722-9DB339D1CC7C}.Release|Any CPU.Build.0 = Release|Any CPU
		{5A7F2CAB-6D80-4F3A-B834-9A8D665E65FF}.Debug|Any CPU.ActiveCfg = Debug|Any CPU
		{5A7F2CAB-6D80-4F3A-B834-9A8D665E65FF}.Debug|Any CPU.Build.0 = Debug|Any CPU
		{5A7F2CAB-6D80-4F3A-B834-9A8D665E65FF}.Release|Any CPU.ActiveCfg = Release|Any CPU
		{5A7F2CAB-6D80-4F3A-B834-9A8D665E65FF}.Release|Any CPU.Build.0 = Release|Any CPU
	EndGlobalSection
EndGlobal
